
Microsoft Visual Studio Solution File, Format Version 12.00
# Visual Studio 2012
Project("{FAE04EC0-301F-11D3-BF4B-00C04F79EFBC}") = "aBlist", "aBlist\aBlist.csproj", "{CFC4954D-7258-4518-9301-4C95FFA39402}"
EndProject
Project("{FAE04EC0-301F-11D3-BF4B-00C04F79EFBC}") = "pcl", "pcl\pcl.csproj", "{47F256C4-6D88-43BF-8298-459FDDB4651C}"
EndProject
Global
	GlobalSection(SolutionConfigurationPlatforms) = preSolution
		Debug|Any CPU = Debug|Any CPU
		Release|Any CPU = Release|Any CPU
	EndGlobalSection
	GlobalSection(ProjectConfigurationPlatforms) = postSolution
		{47F256C4-6D88-43BF-8298-459FDDB4651C}.Debug|Any CPU.ActiveCfg = Debug|Any CPU
		{47F256C4-6D88-43BF-8298-459FDDB4651C}.Debug|Any CPU.Build.0 = Debug|Any CPU
		{47F256C4-6D88-43BF-8298-459FDDB4651C}.Release|Any CPU.ActiveCfg = Release|Any CPU
		{47F256C4-6D88-43BF-8298-459FDDB4651C}.Release|Any CPU.Build.0 = Release|Any CPU
		{CFC4954D-7258-4518-9301-4C95FFA39402}.Debug|Any CPU.ActiveCfg = Debug|Any CPU
		{CFC4954D-7258-4518-9301-4C95FFA39402}.Debug|Any CPU.Build.0 = Debug|Any CPU
		{CFC4954D-7258-4518-9301-4C95FFA39402}.Release|Any CPU.ActiveCfg = Release|Any CPU
		{CFC4954D-7258-4518-9301-4C95FFA39402}.Release|Any CPU.Build.0 = Release|Any CPU
	EndGlobalSection
EndGlobal
